{
  "version": 1,
  "dependencies": {
    "net10.0-windows7.0": {
      "DalamudPackager": {
        "type": "Direct",
        "requested": "[14.0.1, )",
        "resolved": "14.0.1",
        "contentHash": "y0WWyUE6dhpGdolK3iKgwys05/nZaVf4ZPtIjpLhJBZvHxkkiE23zYRo7K7uqAgoK/QvK5cqF6l3VG5AbgC6KA=="
      },
      "Discord.Net.Webhook": {
        "type": "Direct",
        "requested": "[3.19.0, )",
        "resolved": "3.19.0",
        "contentHash": "h2WD1gaylHAectZFSaF06iE5XKzymnv7fnToUt490qP9OW1vDxLanACyHlZVolbndE9T0nE6eNLKsz7HY//Taw==",
        "dependencies": {
          "Discord.Net.Core": "3.19.0",
          "Discord.Net.Rest": "3.19.0"
        }
      },
      "DotNet.ReproducibleBuilds": {
        "type": "Direct",
        "requested": "[1.2.39, )",
        "resolved": "1.2.39",
        "contentHash": "fcFN01tDTIQqDuTwr1jUQK/geofiwjG5DycJQOnC72i1SsLAk1ELe+apBOuZ11UMQG8YKFZG1FgvjZPbqHyatg=="
      },
      "Discord.Net.Core": {
        "type": "Transitive",
        "resolved": "3.19.0",
        "contentHash": "UbrVd6XBmQLkB1LmZfGqpxoxHoFHeKa/OPxBxVHPV8RbszzM0XDu01LKPFYIBmcdp7qOIlmbqiXLz40b0WQ8Dw==",
        "dependencies": {
          "Newtonsoft.Json": "13.0.4"
        }
      },
      "Discord.Net.Rest": {
        "type": "Transitive",
        "resolved": "3.19.0",
        "contentHash": "478t89Xv7faDQWmJM3vMd4Z3zXT2+kAEbT4spkWv/JcLqb9ltvwCS5SlczBNhMOY5IiW4bcEn2SnP3oKFu9YOQ==",
        "dependencies": {
          "Discord.Net.Core": "3.19.0"
        }
      },
      "Newtonsoft.Json": {
        "type": "Transitive",
        "resolved": "13.0.4",
        "contentHash": "pdgNNMai3zv51W5aq268sujXUyx7SNdE2bj1wZcWjAQrKMFZV260lbqYop1d2GM67JI1huLRwxo9ZqnfF/lC6A=="
      }
    }
  }
}